PODS:
  - ActionSheetPicker-3.0 (2.2.0)
  - Alamofire (4.9.1)
  - ASBottomSheet (1.1.4)
  - BATabBarController (2.0.2):
    - SnapKit
  - BmoViewPager (4.0.5)
  - CCBottomRefreshControl (0.5.2)
  - Firebase/CoreOnly (6.33.0):
    - FirebaseCore (= 6.10.3)
  - Firebase/Messaging (6.33.0):
    - Firebase/CoreOnly
    - FirebaseMessaging (~> 4.7.0)
  - FirebaseCore (6.10.3):
    - FirebaseCoreDiagnostics (~> 1.6)
    - GoogleUtilities/Environment (~> 6.7)
    - GoogleUtilities/Logger (~> 6.7)
  - FirebaseCoreDiagnostics (1.7.0):
    - GoogleDataTransport (~> 7.4)
    - GoogleUtilities/Environment (~> 6.7)
    - GoogleUtilities/Logger (~> 6.7)
    - nanopb (~> 1.30906.0)
  - FirebaseInstallations (1.7.0):
    - FirebaseCore (~> 6.10)
    - GoogleUtilities/Environment (~> 6.7)
    - GoogleUtilities/UserDefaults (~> 6.7)
    - PromisesObjC (~> 1.2)
  - FirebaseInstanceID (4.7.0):
    - FirebaseCore (~> 6.10)
    - FirebaseInstallations (~> 1.6)
    - GoogleUtilities/Environment (~> 6.7)
    - GoogleUtilities/UserDefaults (~> 6.7)
  - FirebaseMessaging (4.7.0):
    - FirebaseCore (~> 6.10)
    - FirebaseInstanceID (~> 4.7)
    - GoogleUtilities/AppDelegateSwizzler (~> 6.7)
    - GoogleUtilities/Environment (~> 6.7)
    - GoogleUtilities/Reachability (~> 6.7)
    - GoogleUtilities/UserDefaults (~> 6.7)
    - Protobuf (>= 3.9.2, ~> 3.9)
  - FLAnimatedImage (1.0.12)
  - GoogleDataTransport (7.4.0):
    - nanopb (~> 1.30906.0)
  - GoogleUtilities/AppDelegateSwizzler (6.7.2):
    - GoogleUtilities/Environment
    - GoogleUtilities/Logger
    - GoogleUtilities/Network
  - GoogleUtilities/Environment (6.7.2):
    - PromisesObjC (~> 1.2)
  - GoogleUtilities/Logger (6.7.2):
    - GoogleUtilities/Environment
  - GoogleUtilities/Network (6.7.2):
    - GoogleUtilities/Logger
    - "GoogleUtilities/NSData+zlib"
    - GoogleUtilities/Reachability
  - "GoogleUtilities/NSData+zlib (6.7.2)"
  - GoogleUtilities/Reachability (6.7.2):
    - GoogleUtilities/Logger
  - GoogleUtilities/UserDefaults (6.7.2):
    - GoogleUtilities/Logger
  - iOSDropDown (0.3.4)
  - IQKeyboardManagerSwift (6.2.0)
  - LocalizationSystem (0.1.0)
  - Localize-Swift (3.1.0)
  - LUAutocompleteView (4.0.0)
  - MBProgressHUD (1.0.0)
  - nanopb (1.30906.0):
    - nanopb/decode (= 1.30906.0)
    - nanopb/encode (= 1.30906.0)
  - nanopb/decode (1.30906.0)
  - nanopb/encode (1.30906.0)
  - NSVLocalizationKit (0.1.1):
    - Localize-Swift
  - PromisesObjC (1.2.10)
  - Protobuf (3.13.0)
  - RBBAnimation (0.4.0)
  - SDWebImage (3.8.3):
    - SDWebImage/Core (= 3.8.3)
  - SDWebImage/Core (3.8.3)
  - SideMenu (6.4.9)
  - SnapKit (5.0.1)
  - SwiftyJSON (5.0.0)
  - TZSegmentedControl (1.0.1)

DEPENDENCIES:
  - ActionSheetPicker-3.0 (~> 2.2.0)
  - Alamofire (~> 4.0)
  - ASBottomSheet
  - BATabBarController
  - BmoViewPager (~> 4.0.0)
  - CCBottomRefreshControl
  - Firebase/Messaging
  - FLAnimatedImage
  - iOSDropDown
  - IQKeyboardManagerSwift (= 6.2.0)
  - LocalizationSystem
  - Localize-Swift (~> 3.1.0)
  - LUAutocompleteView
  - MBProgressHUD (~> 1.0.0)
  - NSVLocalizationKit
  - RBBAnimation (= 0.4.0)
  - SDWebImage (~> 3.0)
  - SideMenu (~> 6.0)
  - SwiftyJSON
  - TZSegmentedControl

SPEC REPOS:
  trunk:
    - ActionSheetPicker-3.0
    - Alamofire
    - ASBottomSheet
    - BATabBarController
    - BmoViewPager
    - CCBottomRefreshControl
    - Firebase
    - FirebaseCore
    - FirebaseCoreDiagnostics
    - FirebaseInstallations
    - FirebaseInstanceID
    - FirebaseMessaging
    - FLAnimatedImage
    - GoogleDataTransport
    - GoogleUtilities
    - iOSDropDown
    - IQKeyboardManagerSwift
    - LocalizationSystem
    - Localize-Swift
    - LUAutocompleteView
    - MBProgressHUD
    - nanopb
    - NSVLocalizationKit
    - PromisesObjC
    - Protobuf
    - RBBAnimation
    - SDWebImage
    - SideMenu
    - SnapKit
    - SwiftyJSON
    - TZSegmentedControl

SPEC CHECKSUMS:
  ActionSheetPicker-3.0: d11a4c12c6aaf704b8a3f56d179198c99f3e41e6
  Alamofire: 85e8a02c69d6020a0d734f6054870d7ecb75cf18
  ASBottomSheet: 18c311919687eb5231e536cee1778a97b240d471
  BATabBarController: 7f50519b3743b4e779c71a8e147ac9e8c50e0c7d
  BmoViewPager: 1bbba2f3d9bad4e255b0e397dc035e9a0c434eb5
  CCBottomRefreshControl: 389780b4488321c91d18f66a6da5ef9606df6de5
  Firebase: 8db6f2d1b2c5e2984efba4949a145875a8f65fe5
  FirebaseCore: d889d9e12535b7f36ac8bfbf1713a0836a3012cd
  FirebaseCoreDiagnostics: 770ac5958e1372ce67959ae4b4f31d8e127c3ac1
  FirebaseInstallations: 466c7b4d1f58fe16707693091da253726a731ed2
  FirebaseInstanceID: ac5a82fcd21f804dbfc8f318eff9e1d7a9916e49
  FirebaseMessaging: fc1f98b4592f8f2ea538169b1c317c6e76f81300
  FLAnimatedImage: 4a0b56255d9b05f18b6dd7ee06871be5d3b89e31
  GoogleDataTransport: b7f406340a291370045a270c599e53c6fa6ec20f
  GoogleUtilities: 7f2f5a07f888cdb145101d6042bc4422f57e70b3
  iOSDropDown: c10a761f9a00c3f1cc9d3bce43ae504628e2f692
  IQKeyboardManagerSwift: b07ccf9d8cafe993dcd6cb794eb4ba34611a0c4e
  LocalizationSystem: 9e7def91f7730cbdb5151556a811188e35597088
  Localize-Swift: 4bed4f0ccac8be2ec3517ee359da80ba2adb0fae
  LUAutocompleteView: 604edbbb358d77c8fff4b86137db76a38eb4beda
  MBProgressHUD: 4890f671c94e8a0f3cf959aa731e9de2f036d71a
  nanopb: 59317e09cf1f1a0af72f12af412d54edf52603fc
  NSVLocalizationKit: 35e18f22a4a220d779d1aecb066f451ba718836d
  PromisesObjC: b14b1c6b68e306650688599de8a45e49fae81151
  Protobuf: 3dac39b34a08151c6d949560efe3f86134a3f748
  RBBAnimation: 4b2d66f6d993febce63cd564da934985313b9c59
  SDWebImage: a72e880a8fe0f7fc31efe15aaed443c074d2a80c
  SideMenu: 8ef57a3cfc024a2d3fc1c036c7fe98537baec9e0
  SnapKit: 97b92857e3df3a0c71833cce143274bf6ef8e5eb
  SwiftyJSON: 36413e04c44ee145039d332b4f4e2d3e8d6c4db7
  TZSegmentedControl: 348d8d71b37c9af32f6c97b661124bcf66763b51

PODFILE CHECKSUM: 5f24fa1d1a8c1ef9ccaffa842b7edbfa1c8cf25c

COCOAPODS: 1.9.1
